
Microsoft Visual Studio Solution File, Format Version 12.00
# Visual Studio Version 16
VisualStudioVersion = 16.0.31410.223
MinimumVisualStudioVersion = 10.0.40219.1
Project("{9A19103F-16F7-4668-BE54-9A1E7A4F7556}") = "WpfApp1", "WpfApp1\WpfApp1.csproj", "{152E0865-09A8-4757-B345-369AB7C735C0}"
EndProject
Global
	GlobalSection(SolutionConfigurationPlatforms) = preSolution
		Debug|Any CPU = Debug|Any CPU
		Debug|x86 = Debug|x86
		Release|Any CPU = Release|Any CPU
		Release|x86 = Release|x86
	EndGlobalSection
	GlobalSection(ProjectConfigurationPlatforms) = postSolution
		{152E0865-09A8-4757-B345-369AB7C735C0}.Debug|Any CPU.ActiveCfg = Debug|Any CPU
		{152E0865-09A8-4757-B345-369AB7C735C0}.Debug|Any CPU.Build.0 = Debug|Any CPU
		{152E0865-09A8-4757-B345-369AB7C735C0}.Debug|x86.ActiveCfg = Debug|x86
		{152E0865-09A8-4757-B345-369AB7C735C0}.Debug|x86.Build.0 = Debug|x86
		{152E0865-09A8-4757-B345-369AB7C735C0}.Release|Any CPU.ActiveCfg = Release|Any CPU
		{152E0865-09A8-4757-B345-369AB7C735C0}.Release|Any CPU.Build.0 = Release|Any CPU
		{152E0865-09A8-4757-B345-369AB7C735C0}.Release|x86.ActiveCfg = Release|x86
		{152E0865-09A8-4757-B345-369AB7C735C0}.Release|x86.Build.0 = Release|x86
	EndGlobalSection
	GlobalSection(SolutionProperties) = preSolution
		HideSolutionNode = FALSE
	EndGlobalSection
	GlobalSection(ExtensibilityGlobals) = postSolution
		SolutionGuid = {A2B97613-B38C-4DC2-B1F7-69AD25FD255A}
	EndGlobalSection
EndGlobal
